{
  "name": "@nikonov-alex/components",
  "version": "0.0.12",
  "lockfileVersion": 3,
  "requires": true,
  "packages": {
    "": {
      "name": "@nikonov-alex/components",
      "version": "0.0.12",
      "license": "MIT",
      "dependencies": {
        "morphdom": "^2.7.0"
      }
    },
    "node_modules/morphdom": {
      "version": "2.7.0",
      "resolved": "https://registry.npmjs.org/morphdom/-/morphdom-2.7.0.tgz",
      "integrity": "sha512-8L8DwbdjjWwM/aNqj7BSoSn4G7SQLNiDcxCnMWbf506jojR6lNQ5YOmQqXEIE8u3C492UlkN4d0hQwz97+M1oQ=="
    }
  }
}
